Microsoft Visual Studio Solution File, Format Version 12.00
# Visual Studio Version 17
VisualStudioVersion = 17.5.2.0
MinimumVisualStudioVersion = 10.0.40219.1
Project("{2150E333-8FDC-42A3-9474-1A3956D46DE8}") = "src", "src", "{827E0CD3-B72D-47B6-A68D-7590B98EB39B}"
EndProject
Project("{FAE04EC0-301F-11D3-BF4B-00C04F79EFBC}") = "CanvasSnap", "src\CanvasSnap\CanvasSnap.csproj", "{B29CAF70-B6F5-0235-2175-932605C20350}"
EndProject
Project("{2150E333-8FDC-42A3-9474-1A3956D46DE8}") = "tests", "tests", "{2A62640F-61DB-4FBF-92DB-DCEBA36C14CA}"
EndProject
Project("{FAE04EC0-301F-11D3-BF4B-00C04F79EFBC}") = "CanvasSnap.Tests", "tests\CanvasSnap.Tests\CanvasSnap.Tests.csproj", "{134AE5DD-DFCE-443F-BCAD-452821CA14BA}"
EndProject
Global
	GlobalSection(SolutionConfigurationPlatforms) = preSolution
		Debug|Any CPU = Debug|Any CPU
		Release|Any CPU = Release|Any CPU
	EndGlobalSection
	GlobalSection(ProjectConfigurationPlatforms) = postSolution
		{B29CAF70-B6F5-0235-2175-932605C20350}.Debug|Any CPU.ActiveCfg = Debug|Any CPU
		{B29CAF70-B6F5-0235-2175-932605C20350}.Debug|Any CPU.Build.0 = Debug|Any CPU
		{B29CAF70-B6F5-0235-2175-932605C20350}.Release|Any CPU.ActiveCfg = Release|Any CPU
		{B29CAF70-B6F5-0235-2175-932605C20350}.Release|Any CPU.Build.0 = Release|Any CPU
		{134AE5DD-DFCE-443F-BCAD-452821CA14BA}.Debug|Any CPU.ActiveCfg = Debug|Any CPU
		{134AE5DD-DFCE-443F-BCAD-452821CA14BA}.Debug|Any CPU.Build.0 = Debug|Any CPU
		{134AE5DD-DFCE-443F-BCAD-452821CA14BA}.Release|Any CPU.ActiveCfg = Release|Any CPU
		{134AE5DD-DFCE-443F-BCAD-452821CA14BA}.Release|Any CPU.Build.0 = Release|Any CPU
	EndGlobalSection
	GlobalSection(SolutionProperties) = preSolution
		HideSolutionNode = FALSE
	EndGlobalSection
	GlobalSection(NestedProjects) = preSolution
		{B29CAF70-B6F5-0235-2175-932605C20350} = {827E0CD3-B72D-47B6-A68D-7590B98EB39B}
		{134AE5DD-DFCE-443F-BCAD-452821CA14BA} = {2A62640F-61DB-4FBF-92DB-DCEBA36C14CA}
	EndGlobalSection
	GlobalSection(ExtensibilityGlobals) = postSolution
		SolutionGuid = {16BF2A6F-E936-4F4F-A85C-81098EDDC235}
	EndGlobalSection
EndGlobal
